// !$*UTF8*$!
{
	archiveVersion = 1;
	classes = {
	};
	objectVersion = 48;
	objects = {

/* Begin PBXBuildFile section */
		00A7DE081FAA676D00165595 /* AppDelegate.swift in Sources */ = {isa = PBXBuildFile; fileRef = 00A7DE071FAA676D00165595 /* AppDelegate.swift */; };
		00A7DE0A1FAA676D00165595 /* ViewController.swift in Sources */ = {isa = PBXBuildFile; fileRef = 00A7DE091FAA676D00165595 /* ViewController.swift */; };
		00A7DE0D1FAA676D00165595 /* Main.storyboard in Resources */ = {isa = PBXBuildFile; fileRef = 00A7DE0B1FAA676D00165595 /* Main.storyboard */; };
		00A7DE0F1FAA676D00165595 /* Assets.xcassets in Resources */ = {isa = PBXBuildFile; fileRef = 00A7DE0E1FAA676D00165595 /* Assets.xcassets */; };
		00A7DE121FAA676D00165595 /* LaunchScreen.storyboard in Resources */ = {isa = PBXBuildFile; fileRef = 00A7DE101FAA676D00165595 /* LaunchScreen.storyboard */; };
		00A7DE1D1FAA676D00165595 /* PrimzahlenTests.swift in Sources */ = {isa = PBXBuildFile; fileRef = 00A7DE1C1FAA676D00165595 /* PrimzahlenTests.swift */; };
		00A7DE281FAA676D00165595 /* PrimzahlenUITests.swift in Sources */ = {isa = PBXBuildFile; fileRef = 00A7DE271FAA676D00165595 /* PrimzahlenUITests.swift */; };
/* End PBXBuildFile section */

/* Begin PBXContainerItemProxy section */
		00A7DE191FAA676D00165595 /* PBXContainerItemProxy */ = {
			isa = PBXContainerItemProxy;
			containerPortal = 00A7DDFC1FAA676C00165595 /* Project object */;
			proxyType = 1;
			remoteGlobalIDString = 00A7DE031FAA676D00165595;
			remoteInfo = Primzahlen;
		};
		00A7DE241FAA676D00165595 /* PBXContainerItemProxy */ = {
			isa = PBXContainerItemProxy;
			containerPortal = 00A7DDFC1FAA676C00165595 /* Project object */;
			proxyType = 1;
			remoteGlobalIDString = 00A7DE031FAA676D00165595;
			remoteInfo = Primzahlen;
		};
/* End PBXContainerItemProxy section */

/* Begin PBXFileReference section */
		00A7DE041FAA676D00165595 /* Primzahlen.app */ = {isa = PBXFileReference; explicitFileType = wrapper.application; includeInIndex = 0; path = Primzahlen.app; sourceTree = BUILT_PRODUCTS_DIR; };
		00A7DE071FAA676D00165595 /* AppDelegate.swift */ = {isa = PBXFileReference; lastKnownFileType = sourcecode.swift; path = AppDelegate.swift; sourceTree = "<group>"; };
		00A7DE091FAA676D00165595 /* ViewController.swift */ = {isa = PBXFileReference; lastKnownFileType = sourcecode.swift; path = ViewController.swift; sourceTree = "<group>"; };
		00A7DE0C1FAA676D00165595 /* Base */ = {isa = PBXFileReference; lastKnownFileType = file.storyboard; name = Base; path = Base.lproj/Main.storyboard; sourceTree = "<group>"; };
		00A7DE0E1FAA676D00165595 /* Assets.xcassets */ = {isa = PBXFileReference; lastKnownFileType = folder.assetcatalog; path = Assets.xcassets; sourceTree = "<group>"; };
		00A7DE111FAA676D00165595 /* Base */ = {isa = PBXFileReference; lastKnownFileType = file.storyboard; name = Base; path = Base.lproj/LaunchScreen.storyboard; sourceTree = "<group>"; };
		00A7DE131FAA676D00165595 /* Info.plist */ = {isa = PBXFileReference; lastKnownFileType = text.plist.xml; path = Info.plist; sourceTree = "<group>"; };
		00A7DE181FAA676D00165595 /* PrimzahlenTests.xctest */ = {isa = PBXFileReference; explicitFileType = wrapper.cfbundle; includeInIndex = 0; path = PrimzahlenTests.xctest; sourceTree = BUILT_PRODUCTS_DIR; };
		00A7DE1C1FAA676D00165595 /* PrimzahlenTests.swift */ = {isa = PBXFileReference; lastKnownFileType = sourcecode.swift; path = PrimzahlenTests.swift; sourceTree = "<group>"; };
		00A7DE1E1FAA676D00165595 /* Info.plist */ = {isa = PBXFileReference; lastKnownFileType = text.plist.xml; path = Info.plist; sourceTree = "<group>"; };
		00A7DE231FAA676D00165595 /* PrimzahlenUITests.xctest */ = {isa = PBXFileReference; explicitFileType = wrapper.cfbundle; includeInIndex = 0; path = PrimzahlenUITests.xctest; sourceTree = BUILT_PRODUCTS_DIR; };
		00A7DE271FAA676D00165595 /* PrimzahlenUITests.swift */ = {isa = PBXFileReference; lastKnownFileType = sourcecode.swift; path = PrimzahlenUITests.swift; sourceTree = "<group>"; };
		00A7DE291FAA676D00165595 /* Info.plist */ = {isa = PBXFileReference; lastKnownFileType = text.plist.xml; path = Info.plist; sourceTree = "<group>"; };
/* End PBXFileReference section */

/* Begin PBXFrameworksBuildPhase section */
		00A7DE011FAA676D00165595 /* Frameworks */ = {
			isa = PBXFrameworksBuildPhase;
			buildActionMask = 2147483647;
			files = (
			);
			runOnlyForDeploymentPostprocessing = 0;
		};
		00A7DE151FAA676D00165595 /* Frameworks */ = {
			isa = PBXFrameworksBuildPhase;
			buildActionMask = 2147483647;
			files = (
			);
			runOnlyForDeploymentPostprocessing = 0;
		};
		00A7DE201FAA676D00165595 /* Frameworks */ = {
			isa = PBXFrameworksBuildPhase;
			buildActionMask = 2147483647;
			files = (
			);
			runOnlyForDeploymentPostprocessing = 0;
		};
/* End PBXFrameworksBuildPhase section */

/* Begin PBXGroup section */
		00A7DDFB1FAA676C00165595 = {
			isa = PBXGroup;
			children = (
				00A7DE061FAA676D00165595 /* Primzahlen */,
				00A7DE1B1FAA676D00165595 /* PrimzahlenTests */,
				00A7DE261FAA676D00165595 /* PrimzahlenUITests */,
				00A7DE051FAA676D00165595 /* Products */,
			);
			sourceTree = "<group>";
		};
		00A7DE051FAA676D00165595 /* Products */ = {
			isa = PBXGroup;
			children = (
				00A7DE041FAA676D00165595 /* Primzahlen.app */,
				00A7DE181FAA676D00165595 /* PrimzahlenTests.xctest */,
				00A7DE231FAA676D00165595 /* PrimzahlenUITests.xctest */,
			);
			name = Products;
			sourceTree = "<group>";
		};
		00A7DE061FAA676D00165595 /* Primzahlen */ = {
			isa = PBXGroup;
			children = (
				00A7DE071FAA676D00165595 /* AppDelegate.swift */,
				00A7DE091FAA676D00165595 /* ViewController.swift */,
				00A7DE0B1FAA676D00165595 /* Main.storyboard */,
				00A7DE0E1FAA676D00165595 /* Assets.xcassets */,
				00A7DE101FAA676D00165595 /* LaunchScreen.storyboard */,
				00A7DE131FAA676D00165595 /* Info.plist */,
			);
			path = Primzahlen;
			sourceTree = "<group>";
		};
		00A7DE1B1FAA676D00165595 /* PrimzahlenTests */ = {
			isa = PBXGroup;
			children = (
				00A7DE1C1FAA676D00165595 /* PrimzahlenTests.swift */,
				00A7DE1E1FAA676D00165595 /* Info.plist */,
			);
			path = PrimzahlenTests;
			sourceTree = "<group>";
		};
		00A7DE261FAA676D00165595 /* PrimzahlenUITests */ = {
			isa = PBXGroup;
			children = (
				00A7DE271FAA676D00165595 /* PrimzahlenUITests.swift */,
				00A7DE291FAA676D00165595 /* Info.plist */,
			);
			path = PrimzahlenUITests;
			sourceTree = "<group>";
		};
/* End PBXGroup section */

/* Begin PBXNativeTarget section */
		00A7DE031FAA676D00165595 /* Primzahlen */ = {
			isa = PBXNativeTarget;
			buildConfigurationList = 00A7DE2C1FAA676D00165595 /* Build configuration list for PBXNativeTarget "Primzahlen" */;
			buildPhases = (
				00A7DE001FAA676D00165595 /* Sources */,
				00A7DE011FAA676D00165595 /* Frameworks */,
				00A7DE021FAA676D00165595 /* Resources */,
			);
			buildRules = (
			);
			dependencies = (
			);
			name = Primzahlen;
			productName = Primzahlen;
			productReference = 00A7DE041FAA676D00165595 /* Primzahlen.app */;
			productType = "com.apple.product-type.application";
		};
		00A7DE171FAA676D00165595 /* PrimzahlenTests */ = {
			isa = PBXNativeTarget;
			buildConfigurationList = 00A7DE2F1FAA676D00165595 /* Build configuration list for PBXNativeTarget "PrimzahlenTests" */;
			buildPhases = (
				00A7DE141FAA676D00165595 /* Sources */,
				00A7DE151FAA676D00165595 /* Frameworks */,
				00A7DE161FAA676D00165595 /* Resources */,
			);
			buildRules = (
			);
			dependencies = (
				00A7DE1A1FAA676D00165595 /* PBXTargetDependency */,
			);
			name = PrimzahlenTests;
			productName = PrimzahlenTests;
			productReference = 00A7DE181FAA676D00165595 /* PrimzahlenTests.xctest */;
			productType = "com.apple.product-type.bundle.unit-test";
		};
		00A7DE221FAA676D00165595 /* PrimzahlenUITests */ = {
			isa = PBXNativeTarget;
			buildConfigurationList = 00A7DE321FAA676D00165595 /* Build configuration list for PBXNativeTarget "PrimzahlenUITests" */;
			buildPhases = (
				00A7DE1F1FAA676D00165595 /* Sources */,
				00A7DE201FAA676D00165595 /* Frameworks */,
				00A7DE211FAA676D00165595 /* Resources */,
			);
			buildRules = (
			);
			dependencies = (
				00A7DE251FAA676D00165595 /* PBXTargetDependency */,
			);
			name = PrimzahlenUITests;
			productName = PrimzahlenUITests;
			productReference = 00A7DE231FAA676D00165595 /* PrimzahlenUITests.xctest */;
			productType = "com.apple.product-type.bundle.ui-testing";
		};
/* End PBXNativeTarget section */

/* Begin PBXProject section */
		00A7DDFC1FAA676C00165595 /* Project object */ = {
			isa = PBXProject;
			attributes = {
				LastSwiftUpdateCheck = 0910;
				LastUpgradeCheck = 0910;
				ORGANIZATIONNAME = MacMini;
				TargetAttributes = {
					00A7DE031FAA676D00165595 = {
						CreatedOnToolsVersion = 9.1;
						ProvisioningStyle = Automatic;
					};
					00A7DE171FAA676D00165595 = {
						CreatedOnToolsVersion = 9.1;
						ProvisioningStyle = Automatic;
						TestTargetID = 00A7DE031FAA676D00165595;
					};
					00A7DE221FAA676D00165595 = {
						CreatedOnToolsVersion = 9.1;
						ProvisioningStyle = Automatic;
						TestTargetID = 00A7DE031FAA676D00165595;
					};
				};
			};
			buildConfigurationList = 00A7DDFF1FAA676C00165595 /* Build configuration list for PBXProject "Primzahlen" */;
			compatibilityVersion = "Xcode 8.0";
			developmentRegion = en;
			hasScannedForEncodings = 0;
			knownRegions = (
				en,
				Base,
			);
			mainGroup = 00A7DDFB1FAA676C00165595;
			productRefGroup = 00A7DE051FAA676D00165595 /* Products */;
			projectDirPath = "";
			projectRoot = "";
			targets = (
				00A7DE031FAA676D00165595 /* Primzahlen */,
				00A7DE171FAA676D00165595 /* PrimzahlenTests */,
				00A7DE221FAA676D00165595 /* PrimzahlenUITests */,
			);
		};
/* End PBXProject section */

/* Begin PBXResourcesBuildPhase section */
		00A7DE021FAA676D00165595 /* Resources */ = {
			isa = PBXResourcesBuildPhase;
			buildActionMask = 2147483647;
			files = (
				00A7DE121FAA676D00165595 /* LaunchScreen.storyboard in Resources */,
				00A7DE0F1FAA676D00165595 /* Assets.xcassets in Resources */,
				00A7DE0D1FAA676D00165595 /* Main.storyboard in Resources */,
			);
			runOnlyForDeploymentPostprocessing = 0;
		};
		00A7DE161FAA676D00165595 /* Resources */ = {
			isa = PBXResourcesBuildPhase;
			buildActionMask = 2147483647;
			files = (
			);
			runOnlyForDeploymentPostprocessing = 0;
		};
		00A7DE211FAA676D00165595 /* Resources */ = {
			isa = PBXResourcesBuildPhase;
			buildActionMask = 2147483647;
			files = (
			);
			runOnlyForDeploymentPostprocessing = 0;
		};
/* End PBXResourcesBuildPhase section */

/* Begin PBXSourcesBuildPhase section */
		00A7DE001FAA676D00165595 /* Sources */ = {
			isa = PBXSourcesBuildPhase;
			buildActionMask = 2147483647;
			files = (
				00A7DE0A1FAA676D00165595 /* ViewController.swift in Sources */,
				00A7DE081FAA676D00165595 /* AppDelegate.swift in Sources */,
			);
			runOnlyForDeploymentPostprocessing = 0;
		};
		00A7DE141FAA676D00165595 /* Sources */ = {
			isa = PBXSourcesBuildPhase;
			buildActionMask = 2147483647;
			files = (
				00A7DE1D1FAA676D00165595 /* PrimzahlenTests.swift in Sources */,
			);
			runOnlyForDeploymentPostprocessing = 0;
		};
		00A7DE1F1FAA676D00165595 /* Sources */ = {
			isa = PBXSourcesBuildPhase;
			buildActionMask = 2147483647;
			files = (
				00A7DE281FAA676D00165595 /* PrimzahlenUITests.swift in Sources */,
			);
			runOnlyForDeploymentPostprocessing = 0;
		};
/* End PBXSourcesBuildPhase section */

/* Begin PBXTargetDependency section */
		00A7DE1A1FAA676D00165595 /* PBXTargetDependency */ = {
			isa = PBXTargetDependency;
			target = 00A7DE031FAA676D00165595 /* Primzahlen */;
			targetProxy = 00A7DE191FAA676D00165595 /* PBXContainerItemProxy */;
		};
		00A7DE251FAA676D00165595 /* PBXTargetDependency */ = {
			isa = PBXTargetDependency;
			target = 00A7DE031FAA676D00165595 /* Primzahlen */;
			targetProxy = 00A7DE241FAA676D00165595 /* PBXContainerItemProxy */;
		};
/* End PBXTargetDependency section */

/* Begin PBXVariantGroup section */
		00A7DE0B1FAA676D00165595 /* Main.storyboard */ = {
			isa = PBXVariantGroup;
			children = (
				00A7DE0C1FAA676D00165595 /* Base */,
			);
			name = Main.storyboard;
			sourceTree = "<group>";
		};
		00A7DE101FAA676D00165595 /* LaunchScreen.storyboard */ = {
			isa = PBXVariantGroup;
			children = (
				00A7DE111FAA676D00165595 /* Base */,
			);
			name = LaunchScreen.storyboard;
			sourceTree = "<group>";
		};
/* End PBXVariantGroup section */

/* Begin XCBuildConfiguration section */
		00A7DE2A1FAA676D00165595 /* Debug */ = {
			isa = XCBuildConfiguration;
			buildSettings = {
				ALWAYS_SEARCH_USER_PATHS = NO;
				CLANG_ANALYZER_NONNULL = YES;
				CLANG_ANALYZER_NUMBER_OBJECT_CONVERSION = YES_AGGRESSIVE;
				CLANG_CXX_LANGUAGE_STANDARD = "gnu++14";
				CLANG_CXX_LIBRARY = "libc++";
				CLANG_ENABLE_MODULES = YES;
				CLANG_ENABLE_OBJC_ARC = YES;
				CLANG_WARN_BLOCK_CAPTURE_AUTORELEASING = YES;
				CLANG_WARN_BOOL_CONVERSION = YES;
				CLANG_WARN_COMMA = YES;
				CLANG_WARN_CONSTANT_CONVERSION = YES;
				CLANG_WARN_DIRECT_OBJC_ISA_USAGE = YES_ERROR;
				CLANG_WARN_DOCUMENTATION_COMMENTS = YES;
				CLANG_WARN_EMPTY_BODY = YES;
				CLANG_WARN_ENUM_CONVERSION = YES;
				CLANG_WARN_INFINITE_RECURSION = YES;
				CLANG_WARN_INT_CONVERSION = YES;
				CLANG_WARN_NON_LITERAL_NULL_CONVERSION = YES;
				CLANG_WARN_OBJC_LITERAL_CONVERSION = YES;
				CLANG_WARN_OBJC_ROOT_CLASS = YES_ERROR;
				CLANG_WARN_RANGE_LOOP_ANALYSIS = YES;
				CLANG_WARN_STRICT_PROTOTYPES = YES;
				CLANG_WARN_SUSPICIOUS_MOVE = YES;
				CLANG_WARN_UNGUARDED_AVAILABILITY = YES_AGGRESSIVE;
				CLANG_WARN_UNREACHABLE_CODE = YES;
				CLANG_WARN__DUPLICATE_METHOD_MATCH = YES;
				CODE_SIGN_IDENTITY = "iPhone Developer";
				COPY_PHASE_STRIP = NO;
				DEBUG_INFORMATION_FORMAT = dwarf;
				ENABLE_STRICT_OBJC_MSGSEND = YES;
				ENABLE_TESTABILITY = YES;
				GCC_C_LANGUAGE_STANDARD = gnu11;
				GCC_DYNAMIC_NO_PIC = NO;
				GCC_NO_COMMON_BLOCKS = YES;
				GCC_OPTIMIZATION_LEVEL = 0;
				GCC_PREPROCESSOR_DEFINITIONS = (
					"DEBUG=1",
					"$(inherited)",
				);
				GCC_WARN_64_TO_32_BIT_CONVERSION = YES;
				GCC_WARN_ABOUT_RETURN_TYPE = YES_ERROR;
				GCC_WARN_UNDECLARED_SELECTOR = YES;
				GCC_WARN_UNINITIALIZED_AUTOS = YES_AGGRESSIVE;
				GCC_WARN_UNUSED_FUNCTION = YES;
				GCC_WARN_UNUSED_VARIABLE = YES;
				IPHONEOS_DEPLOYMENT_TARGET = 11.1;
				MTL_ENABLE_DEBUG_INFO = YES;
				ONLY_ACTIVE_ARCH = YES;
				SDKROOT = iphoneos;
				SWIFT_ACTIVE_COMPILATION_CONDITIONS = DEBUG;
				SWIFT_OPTIMIZATION_LEVEL = "-Onone";
			};
			name = Debug;
		};
		00A7DE2B1FAA676D00165595 /* Release */ = {
			isa = XCBuildConfiguration;
			buildSettings = {
				ALWAYS_SEARCH_USER_PATHS = NO;
				CLANG_ANALYZER_NONNULL = YES;
				CLANG_ANALYZER_NUMBER_OBJECT_CONVERSION = YES_AGGRESSIVE;
				CLANG_CXX_LANGUAGE_STANDARD = "gnu++14";
				CLANG_CXX_LIBRARY = "libc++";
				CLANG_ENABLE_MODULES = YES;
				CLANG_ENABLE_OBJC_ARC = YES;
				CLANG_WARN_BLOCK_CAPTURE_AUTORELEASING = YES;
				CLANG_WARN_BOOL_CONVERSION = YES;
				CLANG_WARN_COMMA = YES;
				CLANG_WARN_CONSTANT_CONVERSION = YES;
				CLANG_WARN_DIRECT_OBJC_ISA_USAGE = YES_ERROR;
				CLANG_WARN_DOCUMENTATION_COMMENTS = YES;
				CLANG_WARN_EMPTY_BODY = YES;
				CLANG_WARN_ENUM_CONVERSION = YES;
				CLANG_WARN_INFINITE_RECURSION = YES;
				CLANG_WARN_INT_CONVERSION = YES;
				CLANG_WARN_NON_LITERAL_NULL_CONVERSION = YES;
				CLANG_WARN_OBJC_LITERAL_CONVERSION = YES;
				CLANG_WARN_OBJC_ROOT_CLASS = YES_ERROR;
				CLANG_WARN_RANGE_LOOP_ANALYSIS = YES;
				CLANG_WARN_STRICT_PROTOTYPES = YES;
				CLANG_WARN_SUSPICIOUS_MOVE = YES;
				CLANG_WARN_UNGUARDED_AVAILABILITY = YES_AGGRESSIVE;
				CLANG_WARN_UNREACHABLE_CODE = YES;
				CLANG_WARN__DUPLICATE_METHOD_MATCH = YES;
				CODE_SIGN_IDENTITY = "iPhone Developer";
				COPY_PHASE_STRIP = NO;
				DEBUG_INFORMATION_FORMAT = "dwarf-with-dsym";
				ENABLE_NS_ASSERTIONS = NO;
				ENABLE_STRICT_OBJC_MSGSEND = YES;
				GCC_C_LANGUAGE_STANDARD = gnu11;
				GCC_NO_COMMON_BLOCKS = YES;
				GCC_WARN_64_TO_32_BIT_CONVERSION = YES;
				GCC_WARN_ABOUT_RETURN_TYPE = YES_ERROR;
				GCC_WARN_UNDECLARED_SELECTOR = YES;
				GCC_WARN_UNINITIALIZED_AUTOS = YES_AGGRESSIVE;
				GCC_WARN_UNUSED_FUNCTION = YES;
				GCC_WARN_UNUSED_VARIABLE = YES;
				IPHONEOS_DEPLOYMENT_TARGET = 11.1;
				MTL_ENABLE_DEBUG_INFO = NO;
				SDKROOT = iphoneos;
				SWIFT_OPTIMIZATION_LEVEL = "-Owholemodule";
				VALIDATE_PRODUCT = YES;
			};
			name = Release;
		};
		00A7DE2D1FAA676D00165595 /* Debug */ = {
			isa = XCBuildConfiguration;
			buildSettings = {
				ASSETCATALOG_COMPILER_APPICON_NAME = AppIcon;
				CODE_SIGN_STYLE = Automatic;
				INFOPLIST_FILE = Primzahlen/Info.plist;
				LD_RUNPATH_SEARCH_PATHS = "$(inherited) @executable_path/Frameworks";
				PRODUCT_BUNDLE_IDENTIFIER = tacit.Primzahlen;
				PRODUCT_NAME = "$(TARGET_NAME)";
				SWIFT_VERSION = 4.0;
				TARGETED_DEVICE_FAMILY = "1,2";
			};
			name = Debug;
		};
		00A7DE2E1FAA676D00165595 /* Release */ = {
			isa = XCBuildConfiguration;
			buildSettings = {
				ASSETCATALOG_COMPILER_APPICON_NAME = AppIcon;
				CODE_SIGN_STYLE = Automatic;
				INFOPLIST_FILE = Primzahlen/Info.plist;
				LD_RUNPATH_SEARCH_PATHS = "$(inherited) @executable_path/Frameworks";
				PRODUCT_BUNDLE_IDENTIFIER = tacit.Primzahlen;
				PRODUCT_NAME = "$(TARGET_NAME)";
				SWIFT_VERSION = 4.0;
				TARGETED_DEVICE_FAMILY = "1,2";
			};
			name = Release;
		};
		00A7DE301FAA676D00165595 /* Debug */ = {
			isa = XCBuildConfiguration;
			buildSettings = {
				ALWAYS_EMBED_SWIFT_STANDARD_LIBRARIES = YES;
				BUNDLE_LOADER = "$(TEST_HOST)";
				CODE_SIGN_STYLE = Automatic;
				INFOPLIST_FILE = PrimzahlenTests/Info.plist;
				LD_RUNPATH_SEARCH_PATHS = "$(inherited) @executable_path/Frameworks @loader_path/Frameworks";
				PRODUCT_BUNDLE_IDENTIFIER = tacit.PrimzahlenTests;
				PRODUCT_NAME = "$(TARGET_NAME)";
				SWIFT_VERSION = 4.0;
				TARGETED_DEVICE_FAMILY = "1,2";
				TEST_HOST = "$(BUILT_PRODUCTS_DIR)/Primzahlen.app/Primzahlen";
			};
			name = Debug;
		};
		00A7DE311FAA676D00165595 /* Release */ = {
			isa = XCBuildConfiguration;
			buildSettings = {
				ALWAYS_EMBED_SWIFT_STANDARD_LIBRARIES = YES;
				BUNDLE_LOADER = "$(TEST_HOST)";
				CODE_SIGN_STYLE = Automatic;
				INFOPLIST_FILE = PrimzahlenTests/Info.plist;
				LD_RUNPATH_SEARCH_PATHS = "$(inherited) @executable_path/Frameworks @loader_path/Frameworks";
				PRODUCT_BUNDLE_IDENTIFIER = tacit.PrimzahlenTests;
				PRODUCT_NAME = "$(TARGET_NAME)";
				SWIFT_VERSION = 4.0;
				TARGETED_DEVICE_FAMILY = "1,2";
				TEST_HOST = "$(BUILT_PRODUCTS_DIR)/Primzahlen.app/Primzahlen";
			};
			name = Release;
		};
		00A7DE331FAA676D00165595 /* Debug */ = {
			isa = XCBuildConfiguration;
			buildSettings = {
				ALWAYS_EMBED_SWIFT_STANDARD_LIBRARIES = YES;
				CODE_SIGN_STYLE = Automatic;
				INFOPLIST_FILE = PrimzahlenUITests/Info.plist;
				LD_RUNPATH_SEARCH_PATHS = "$(inherited) @executable_path/Frameworks @loader_path/Frameworks";
				PRODUCT_BUNDLE_IDENTIFIER = tacit.PrimzahlenUITests;
				PRODUCT_NAME = "$(TARGET_NAME)";
				SWIFT_VERSION = 4.0;
				TARGETED_DEVICE_FAMILY = "1,2";
				TEST_TARGET_NAME = Primzahlen;
			};
			name = Debug;
		};
		00A7DE341FAA676D00165595 /* Release */ = {
			isa = XCBuildConfiguration;
			buildSettings = {
				ALWAYS_EMBED_SWIFT_STANDARD_LIBRARIES = YES;
				CODE_SIGN_STYLE = Automatic;
				INFOPLIST_FILE = PrimzahlenUITests/Info.plist;
				LD_RUNPATH_SEARCH_PATHS = "$(inherited) @executable_path/Frameworks @loader_path/Frameworks";
				PRODUCT_BUNDLE_IDENTIFIER = tacit.PrimzahlenUITests;
				PRODUCT_NAME = "$(TARGET_NAME)";
				SWIFT_VERSION = 4.0;
				TARGETED_DEVICE_FAMILY = "1,2";
				TEST_TARGET_NAME = Primzahlen;
			};
			name = Release;
		};
/* End XCBuildConfiguration section */

/* Begin XCConfigurationList section */
		00A7DDFF1FAA676C00165595 /* Build configuration list for PBXProject "Primzahlen" */ = {
			isa = XCConfigurationList;
			buildConfigurations = (
				00A7DE2A1FAA676D00165595 /* Debug */,
				00A7DE2B1FAA676D00165595 /* Release */,
			);
			defaultConfigurationIsVisible = 0;
			defaultConfigurationName = Release;
		};
		00A7DE2C1FAA676D00165595 /* Build configuration list for PBXNativeTarget "Primzahlen" */ = {
			isa = XCConfigurationList;
			buildConfigurations = (
				00A7DE2D1FAA676D00165595 /* Debug */,
				00A7DE2E1FAA676D00165595 /* Release */,
			);
			defaultConfigurationIsVisible = 0;
			defaultConfigurationName = Release;
		};
		00A7DE2F1FAA676D00165595 /* Build configuration list for PBXNativeTarget "PrimzahlenTests" */ = {
			isa = XCConfigurationList;
			buildConfigurations = (
				00A7DE301FAA676D00165595 /* Debug */,
				00A7DE311FAA676D00165595 /* Release */,
			);
			defaultConfigurationIsVisible = 0;
			defaultConfigurationName = Release;
		};
		00A7DE321FAA676D00165595 /* Build configuration list for PBXNativeTarget "PrimzahlenUITests" */ = {
			isa = XCConfigurationList;
			buildConfigurations = (
				00A7DE331FAA676D00165595 /* Debug */,
				00A7DE341FAA676D00165595 /* Release */,
			);
			defaultConfigurationIsVisible = 0;
			defaultConfigurationName = Release;
		};
/* End XCConfigurationList section */
	};
	rootObject = 00A7DDFC1FAA676C00165595 /* Project object */;
}
